// !$*UTF8*$!
{
	archiveVersion = 1;
	classes = {
	};
	objectVersion = 46;
	objects = {

/* Begin PBXBuildFile section */
		0207DA581B56EA530066E2B4 /* Images.xcassets in Resources */ = {isa = PBXBuildFile; fileRef = 0207DA571B56EA530066E2B4 /* Images.xcassets */; };
		1A2D68391CBC02DF00DD157F /* Sounds in Resources */ = {isa = PBXBuildFile; fileRef = 1A2D68381CBC02DF00DD157F /* Sounds */; };
		1A615A081CAAF88500AC8999 /* PushKit.framework in Frameworks */ = {isa = PBXBuildFile; fileRef = 1A615A071CAAF88500AC8999 /* PushKit.framework */; };
		1A615A0B1CAAF93700AC8999 /* UIKit.framework in Frameworks */ = {isa = PBXBuildFile; fileRef = 1A615A0A1CAAF93700AC8999 /* UIKit.framework */; };
		1A615A0D1CAAF95A00AC8999 /* StoreKit.framework in Frameworks */ = {isa = PBXBuildFile; fileRef = 1A615A0C1CAAF95A00AC8999 /* StoreKit.framework */; };
		1D3623260D0F684500981E51 /* AppDelegate.m in Sources */ = {isa = PBXBuildFile; fileRef = 1D3623250D0F684500981E51 /* AppDelegate.m */; };
		1D60589B0D05DD56006BFB54 /* main.m in Sources */ = {isa = PBXBuildFile; fileRef = 29B97316FDCFA39411CA2CEA /* main.m */; };
		22C8C67B1EDD4552A03F07C5 /* QuartzCore.framework in Frameworks */ = {isa = PBXBuildFile; fileRef = 6E300E6F2F0C4EA9911A688F /* QuartzCore.framework */; };
		2378C80404264EF9A15AB609 /* PushPlugin.m in Sources */ = {isa = PBXBuildFile; fileRef = 2093A370D977491AB2888EFD /* PushPlugin.m */; };
		27F3D6F08BC24E51803895E0 /* CDVStatusBar.m in Sources */ = {isa = PBXBuildFile; fileRef = 939F36AE18294C83A449DBF7 /* CDVStatusBar.m */; };
		2A1B9106265549F4BC860064 /* IonicKeyboard.m in Sources */ = {isa = PBXBuildFile; fileRef = 2838813BF0B5437C94BE63E1 /* IonicKeyboard.m */; };
		2AB71BABE73740878D066C36 /* CDVDevice.m in Sources */ = {isa = PBXBuildFile; fileRef = 19CCCA1E37BD4501950CC52F /* CDVDevice.m */; };
		2CF170BD186A43CDA116EA99 /* libsqlite3.dylib in Frameworks */ = {isa = PBXBuildFile; fileRef = 312BC189138C4FBC846D07CB /* libsqlite3.dylib */; };
		301BF552109A68D80062928A /* libCordova.a in Frameworks */ = {isa = PBXBuildFile; fileRef = 301BF535109A57CC0062928A /* libCordova.a */; };
		302D95F114D2391D003F00A1 /* MainViewController.m in Sources */ = {isa = PBXBuildFile; fileRef = 302D95EF14D2391D003F00A1 /* MainViewController.m */; };
		302D95F214D2391D003F00A1 /* MainViewController.xib in Resources */ = {isa = PBXBuildFile; fileRef = 302D95F014D2391D003F00A1 /* MainViewController.xib */; };
		3047A5121AB8059700498E2A /* build-debug.xcconfig in Resources */ = {isa = PBXBuildFile; fileRef = 3047A50F1AB8059700498E2A /* build-debug.xcconfig */; };
		3047A5131AB8059700498E2A /* build-release.xcconfig in Resources */ = {isa = PBXBuildFile; fileRef = 3047A5101AB8059700498E2A /* build-release.xcconfig */; };
		3047A5141AB8059700498E2A /* build.xcconfig in Resources */ = {isa = PBXBuildFile; fileRef = 3047A5111AB8059700498E2A /* build.xcconfig */; };
		33B4ECC21B364A6380A7AB43 /* CoreTelephony.framework in Frameworks */ = {isa = PBXBuildFile; fileRef = 89D16C0B6BF44C7C8987F261 /* CoreTelephony.framework */; };
		36CFC2409A0742B290891AF9 /* AppVersion.m in Sources */ = {isa = PBXBuildFile; fileRef = DFC913BDE14C48E09D1EF90D /* AppVersion.m */; };
		377D03BABFB24AA28CE5810E /* CDVGlobalization.m in Sources */ = {isa = PBXBuildFile; fileRef = B85BA95C2D204476AFBD4EAC /* CDVGlobalization.m */; };
		42FB23D57EAB4CCBA6C1A3C1 /* Toast.m in Sources */ = {isa = PBXBuildFile; fileRef = E8587CFBC3644355BC33819C /* Toast.m */; };
		462DBC89C30A4BFA980B47B7 /* CDVCamera.m in Sources */ = {isa = PBXBuildFile; fileRef = 03402C52F8F6430A94F82D82 /* CDVCamera.m */; };
		48F30CDF1DE4438B80D37816 /* CDVInAppBrowser.m in Sources */ = {isa = PBXBuildFile; fileRef = BD752762E4974D70BAD0CA34 /* CDVInAppBrowser.m */; };
		4D2B5D6423B04B23BBA00448 /* CDVLogger.m in Sources */ = {isa = PBXBuildFile; fileRef = C65A15EB78BB41A49BC5B83C /* CDVLogger.m */; };
		50D679C602814F5CBBB30CFB /* CDVLocation.m in Sources */ = {isa = PBXBuildFile; fileRef = C45B86A6D3B4406EAF0AE303 /* CDVLocation.m */; };
		5834267BF0F84B6A98E3861E /* AVFoundation.framework in Frameworks */ = {isa = PBXBuildFile; fileRef = 14A78EB9EF764D66A67C77D7 /* AVFoundation.framework */; };
		5CCC2368E40042C8B12E18C4 /* Toast+UIView.m in Sources */ = {isa = PBXBuildFile; fileRef = E69952305F064126B5580F3C /* Toast+UIView.m */; };
		62F01F2F17D043C895836576 /* CDVViewController+SplashScreen.m in Sources */ = {isa = PBXBuildFile; fileRef = 817894E22EA94A5FB1AD3513 /* CDVViewController+SplashScreen.m */; };
		6646CAAE7B7C4DA193A058D8 /* ImageIO.framework in Frameworks */ = {isa = PBXBuildFile; fileRef = 7C72DEFD74ED446BA3919E6C /* ImageIO.framework */; settings = {ATTRIBUTES = (Weak, ); }; };
		767B263B72A04C91A3452281 /* CDVConnection.m in Sources */ = {isa = PBXBuildFile; fileRef = 2EAED198848C4FB1B9049543 /* CDVConnection.m */; };
		7F0DE30AE10C42F1A09B29D8 /* YoikScreenOrientation.m in Sources */ = {isa = PBXBuildFile; fileRef = 435D7A45D5824B578113B59F /* YoikScreenOrientation.m */; };
		7FA98E68D4A14E798D6ADF26 /* CDVJpegHeaderWriter.m in Sources */ = {isa = PBXBuildFile; fileRef = 8258E513CF274D9A85AE4DBD /* CDVJpegHeaderWriter.m */; };
		A8D492E09E5A495A89818E3B /* CoreLocation.framework in Frameworks */ = {isa = PBXBuildFile; fileRef = D0271AEB2D7D48129CDC6819 /* CoreLocation.framework */; };
		AB038C4A87E74F6095163F8A /* UIImage+CropScaleOrientation.m in Sources */ = {isa = PBXBuildFile; fileRef = BC2C8C1391764E9793BABB3F /* UIImage+CropScaleOrientation.m */; };
		B7E451530DBD4EF2907360BC /* SystemConfiguration.framework in Frameworks */ = {isa = PBXBuildFile; fileRef = 5C2A3D538864441AAA123B3E /* SystemConfiguration.framework */; settings = {ATTRIBUTES = (Weak, ); }; };
		BF9AA33A27CF49CF8E66C5F3 /* AppDelegate+notification.m in Sources */ = {isa = PBXBuildFile; fileRef = 16F2349AC19947718D61B2C6 /* AppDelegate+notification.m */; };
		C7C7A4C0D440444183A3BB7E /* Uber.m in Sources */ = {isa = PBXBuildFile; fileRef = 0101A5B553064BA0B995432B /* Uber.m */; };
		D4AE2CF489784D388B12D88D /* CDVSplashScreen.m in Sources */ = {isa = PBXBuildFile; fileRef = 02084631D32746EFA22DC9DC /* CDVSplashScreen.m */; };
		DC00BFDD68E448519A3BA29E /* CDVReachability.m in Sources */ = {isa = PBXBuildFile; fileRef = 25BEEBB7A52042C89C80708F /* CDVReachability.m */; };
		FE154C3FBA3941D1BCDB5079 /* SQLitePlugin.m in Sources */ = {isa = PBXBuildFile; fileRef = 98D3B74556744FFD9DD11E41 /* SQLitePlugin.m */; };
/* End PBXBuildFile section */

/* Begin PBXContainerItemProxy section */
		301BF534109A57CC0062928A /* PBXContainerItemProxy */ = {
			isa = PBXContainerItemProxy;
			containerPortal = 301BF52D109A57CC0062928A /* CordovaLib.xcodeproj */;
			proxyType = 2;
			remoteGlobalIDString = D2AAC07E0554694100DB518D;
			remoteInfo = CordovaLib;
		};
		301BF550109A68C00062928A /* PBXContainerItemProxy */ = {
			isa = PBXContainerItemProxy;
			containerPortal = 301BF52D109A57CC0062928A /* CordovaLib.xcodeproj */;
			proxyType = 1;
			remoteGlobalIDString = D2AAC07D0554694100DB518D;
			remoteInfo = CordovaLib;
		};
/* End PBXContainerItemProxy section */

/* Begin PBXFileReference section */
		0101A5B553064BA0B995432B /* Uber.m */ = {isa = PBXFileReference; explicitFileType = undefined; fileEncoding = 4; includeInIndex = 0; lastKnownFileType = sourcecode.c.objc; name = Uber.m; path = com.jabb.plugin.uber/Uber/Uber.m; sourceTree = "<group>"; };
		0207DA571B56EA530066E2B4 /* Images.xcassets */ = {isa = PBXFileReference; lastKnownFileType = folder.assetcatalog; name = Images.xcassets; path = VirtualGuardian/Images.xcassets; sourceTree = SOURCE_ROOT; };
		02084631D32746EFA22DC9DC /* CDVSplashScreen.m */ = {isa = PBXFileReference; explicitFileType = undefined; fileEncoding = 4; includeInIndex = 0; lastKnownFileType = sourcecode.c.objc; name = CDVSplashScreen.m; path = "cordova-plugin-splashscreen/CDVSplashScreen.m"; sourceTree = "<group>"; };
		03402C52F8F6430A94F82D82 /* CDVCamera.m */ = {isa = PBXFileReference; explicitFileType = undefined; fileEncoding = 4; includeInIndex = 0; lastKnownFileType = sourcecode.c.objc; name = CDVCamera.m; path = "cordova-plugin-camera/CDVCamera.m"; sourceTree = "<group>"; };
		0A2FC2C01389459496372DC0 /* CDVExif.h */ = {isa = PBXFileReference; explicitFileType = undefined; fileEncoding = 4; includeInIndex = 0; lastKnownFileType = sourcecode.c.h; name = CDVExif.h; path = "cordova-plugin-camera/CDVExif.h"; sourceTree = "<group>"; };
		14A78EB9EF764D66A67C77D7 /* AVFoundation.framework */ = {isa = PBXFileReference; explicitFileType = undefined; fileEncoding = 9; includeInIndex = 0; lastKnownFileType = wrapper.framework; name = AVFoundation.framework; path = System/Library/Frameworks/AVFoundation.framework; sourceTree = SDKROOT; };
		16F2349AC19947718D61B2C6 /* AppDelegate+notification.m */ = {isa = PBXFileReference; explicitFileType = undefined; fileEncoding = 4; includeInIndex = 0; lastKnownFileType = sourcecode.c.objc; name = "AppDelegate+notification.m"; path = "com.phonegap.plugins.PushPlugin/AppDelegate+notification.m"; sourceTree = "<group>"; };
		19CCCA1E37BD4501950CC52F /* CDVDevice.m */ = {isa = PBXFileReference; explicitFileType = undefined; fileEncoding = 4; includeInIndex = 0; lastKnownFileType = sourcecode.c.objc; name = CDVDevice.m; path = "cordova-plugin-device/CDVDevice.m"; sourceTree = "<group>"; };
		1A2D68381CBC02DF00DD157F /* Sounds */ = {isa = PBXFileReference; lastKnownFileType = folder; name = Sounds; path = VirtualGuardian/Sounds; sourceTree = "<group>"; };
		1A615A071CAAF88500AC8999 /* PushKit.framework */ = {isa = PBXFileReference; lastKnownFileType = wrapper.framework; name = PushKit.framework; path = System/Library/Frameworks/PushKit.framework; sourceTree = SDKROOT; };
		1A615A0A1CAAF93700AC8999 /* UIKit.framework */ = {isa = PBXFileReference; lastKnownFileType = wrapper.framework; name = UIKit.framework; path = System/Library/Frameworks/UIKit.framework; sourceTree = SDKROOT; };
		1A615A0C1CAAF95A00AC8999 /* StoreKit.framework */ = {isa = PBXFileReference; lastKnownFileType = wrapper.framework; name = StoreKit.framework; path = System/Library/Frameworks/StoreKit.framework; sourceTree = SDKROOT; };
		1BB60352190043B69588029C /* Toast+UIView.h */ = {isa = PBXFileReference; explicitFileType = undefined; fileEncoding = 4; includeInIndex = 0; lastKnownFileType = sourcecode.c.h; name = "Toast+UIView.h"; path = "cordova-plugin-x-toast/Toast+UIView.h"; sourceTree = "<group>"; };
		1D3623240D0F684500981E51 /* AppDelegate.h */ = {isa = PBXFileReference; fileEncoding = 4; lastKnownFileType = sourcecode.c.h; path = AppDelegate.h; sourceTree = "<group>"; };
		1D3623250D0F684500981E51 /* AppDelegate.m */ = {isa = PBXFileReference; fileEncoding = 4; lastKnownFileType = sourcecode.c.objc; path = AppDelegate.m; sourceTree = "<group>"; };
		1D6058910D05DD3D006BFB54 /* VirtualGuardian.app */ = {isa = PBXFileReference; explicitFileType = wrapper.application; includeInIndex = 0; path = VirtualGuardian.app; sourceTree = BUILT_PRODUCTS_DIR; };
		1DD76A2C4AD54AA19F65E33F /* AppDelegate+notification.h */ = {isa = PBXFileReference; explicitFileType = undefined; fileEncoding = 4; includeInIndex = 0; lastKnownFileType = sourcecode.c.h; name = "AppDelegate+notification.h"; path = "com.phonegap.plugins.PushPlugin/AppDelegate+notification.h"; sourceTree = "<group>"; };
		2093A370D977491AB2888EFD /* PushPlugin.m */ = {isa = PBXFileReference; explicitFileType = undefined; fileEncoding = 4; includeInIndex = 0; lastKnownFileType = sourcecode.c.objc; name = PushPlugin.m; path = com.phonegap.plugins.PushPlugin/PushPlugin.m; sourceTree = "<group>"; };
		25BEEBB7A52042C89C80708F /* CDVReachability.m */ = {isa = PBXFileReference; explicitFileType = undefined; fileEncoding = 4; includeInIndex = 0; lastKnownFileType = sourcecode.c.objc; name = CDVReachability.m; path = "cordova-plugin-network-information/CDVReachability.m"; sourceTree = "<group>"; };
		272D215AAFBF4E5490F69DA9 /* PushPlugin.h */ = {isa = PBXFileReference; explicitFileType = undefined; fileEncoding = 4; includeInIndex = 0; lastKnownFileType = sourcecode.c.h; name = PushPlugin.h; path = com.phonegap.plugins.PushPlugin/PushPlugin.h; sourceTree = "<group>"; };
		2838813BF0B5437C94BE63E1 /* IonicKeyboard.m */ = {isa = PBXFileReference; explicitFileType = undefined; fileEncoding = 4; includeInIndex = 0; lastKnownFileType = sourcecode.c.objc; name = IonicKeyboard.m; path = "ionic-plugin-keyboard/IonicKeyboard.m"; sourceTree = "<group>"; };
		29B97316FDCFA39411CA2CEA /* main.m */ = {isa = PBXFileReference; fileEncoding = 4; lastKnownFileType = sourcecode.c.objc; path = main.m; sourceTree = "<group>"; };
		2EAED198848C4FB1B9049543 /* CDVConnection.m */ = {isa = PBXFileReference; explicitFileType = undefined; fileEncoding = 4; includeInIndex = 0; lastKnownFileType = sourcecode.c.objc; name = CDVConnection.m; path = "cordova-plugin-network-information/CDVConnection.m"; sourceTree = "<group>"; };
		301BF52D109A57CC0062928A /* CordovaLib.xcodeproj */ = {isa = PBXFileReference; lastKnownFileType = "wrapper.pb-project"; name = CordovaLib.xcodeproj; path = CordovaLib/CordovaLib.xcodeproj; sourceTree = "<group>"; };
		301BF56E109A69640062928A /* www */ = {isa = PBXFileReference; lastKnownFileType = folder; path = www; sourceTree = SOURCE_ROOT; };
		302D95EE14D2391D003F00A1 /* MainViewController.h */ = {isa = PBXFileReference; fileEncoding = 4; lastKnownFileType = sourcecode.c.h; path = MainViewController.h; sourceTree = "<group>"; };
		302D95EF14D2391D003F00A1 /* MainViewController.m */ = {isa = PBXFileReference; fileEncoding = 4; lastKnownFileType = sourcecode.c.objc; path = MainViewController.m; sourceTree = "<group>"; };
		302D95F014D2391D003F00A1 /* MainViewController.xib */ = {isa = PBXFileReference; fileEncoding = 4; lastKnownFileType = file.xib; path = MainViewController.xib; sourceTree = "<group>"; };
		3047A50F1AB8059700498E2A /* build-debug.xcconfig */ = {isa = PBXFileReference; fileEncoding = 4; lastKnownFileType = text.xcconfig; name = "build-debug.xcconfig"; path = "cordova/build-debug.xcconfig"; sourceTree = SOURCE_ROOT; };
		3047A5101AB8059700498E2A /* build-release.xcconfig */ = {isa = PBXFileReference; fileEncoding = 4; lastKnownFileType = text.xcconfig; name = "build-release.xcconfig"; path = "cordova/build-release.xcconfig"; sourceTree = SOURCE_ROOT; };
		3047A5111AB8059700498E2A /* build.xcconfig */ = {isa = PBXFileReference; fileEncoding = 4; lastKnownFileType = text.xcconfig; name = build.xcconfig; path = cordova/build.xcconfig; sourceTree = SOURCE_ROOT; };
		312BC189138C4FBC846D07CB /* libsqlite3.dylib */ = {isa = PBXFileReference; explicitFileType = undefined; fileEncoding = 9; includeInIndex = 0; lastKnownFileType = "compiled.mach-o.dylib"; name = libsqlite3.dylib; path = usr/lib/libsqlite3.dylib; sourceTree = SDKROOT; };
		32CA4F630368D1EE00C91783 /* VirtualGuardian-Prefix.pch */ = {isa = PBXFileReference; fileEncoding = 4; lastKnownFileType = sourcecode.c.h; path = "VirtualGuardian-Prefix.pch"; sourceTree = "<group>"; };
		330350E8A2934A558E1C29CD /* IonicKeyboard.h */ = {isa = PBXFileReference; explicitFileType = undefined; fileEncoding = 4; includeInIndex = 0; lastKnownFileType = sourcecode.c.h; name = IonicKeyboard.h; path = "ionic-plugin-keyboard/IonicKeyboard.h"; sourceTree = "<group>"; };
		360398C7C36B47289A0BEFFF /* CDVReachability.h */ = {isa = PBXFileReference; explicitFileType = undefined; fileEncoding = 4; includeInIndex = 0; lastKnownFileType = sourcecode.c.h; name = CDVReachability.h; path = "cordova-plugin-network-information/CDVReachability.h"; sourceTree = "<group>"; };
		435D7A45D5824B578113B59F /* YoikScreenOrientation.m */ = {isa = PBXFileReference; explicitFileType = undefined; fileEncoding = 4; includeInIndex = 0; lastKnownFileType = sourcecode.c.objc; name = YoikScreenOrientation.m; path = net.yoik.cordova.plugins.screenorientation/YoikScreenOrientation.m; sourceTree = "<group>"; };
		5C2A3D538864441AAA123B3E /* SystemConfiguration.framework */ = {isa = PBXFileReference; explicitFileType = undefined; fileEncoding = 9; includeInIndex = 0; lastKnownFileType = wrapper.framework; name = SystemConfiguration.framework; path = System/Library/Frameworks/SystemConfiguration.framework; sourceTree = SDKROOT; };
		5E61037F7E7D437383CEA11F /* CDVLogger.h */ = {isa = PBXFileReference; explicitFileType = undefined; fileEncoding = 4; includeInIndex = 0; lastKnownFileType = sourcecode.c.h; name = CDVLogger.h; path = "cordova-plugin-console/CDVLogger.h"; sourceTree = "<group>"; };
		6013B4F2468E4C199A878598 /* CDVGlobalization.h */ = {isa = PBXFileReference; explicitFileType = undefined; fileEncoding = 4; includeInIndex = 0; lastKnownFileType = sourcecode.c.h; name = CDVGlobalization.h; path = "cordova-plugin-globalization/CDVGlobalization.h"; sourceTree = "<group>"; };
		624B553AB68442619FE1F14B /* AppVersion.h */ = {isa = PBXFileReference; explicitFileType = undefined; fileEncoding = 4; includeInIndex = 0; lastKnownFileType = sourcecode.c.h; name = AppVersion.h; path = "cordova-plugin-app-version/AppVersion.h"; sourceTree = "<group>"; };
		6E300E6F2F0C4EA9911A688F /* QuartzCore.framework */ = {isa = PBXFileReference; explicitFileType = undefined; fileEncoding = 9; includeInIndex = 0; lastKnownFileType = wrapper.framework; name = QuartzCore.framework; path = System/Library/Frameworks/QuartzCore.framework; sourceTree = SDKROOT; };
		7C72DEFD74ED446BA3919E6C /* ImageIO.framework */ = {isa = PBXFileReference; explicitFileType = undefined; fileEncoding = 9; includeInIndex = 0; lastKnownFileType = wrapper.framework; name = ImageIO.framework; path = System/Library/Frameworks/ImageIO.framework; sourceTree = SDKROOT; };
		7F64D2F375514C0E90CB4BBA /* SQLitePlugin.h */ = {isa = PBXFileReference; explicitFileType = undefined; fileEncoding = 4; includeInIndex = 0; lastKnownFileType = sourcecode.c.h; name = SQLitePlugin.h; path = "cordova-sqlite-storage/SQLitePlugin.h"; sourceTree = "<group>"; };
		817894E22EA94A5FB1AD3513 /* CDVViewController+SplashScreen.m */ = {isa = PBXFileReference; explicitFileType = undefined; fileEncoding = 4; includeInIndex = 0; lastKnownFileType = sourcecode.c.objc; name = "CDVViewController+SplashScreen.m"; path = "cordova-plugin-splashscreen/CDVViewController+SplashScreen.m"; sourceTree = "<group>"; };
		8258E513CF274D9A85AE4DBD /* CDVJpegHeaderWriter.m */ = {isa = PBXFileReference; explicitFileType = undefined; fileEncoding = 4; includeInIndex = 0; lastKnownFileType = sourcecode.c.objc; name = CDVJpegHeaderWriter.m; path = "cordova-plugin-camera/CDVJpegHeaderWriter.m"; sourceTree = "<group>"; };
		873FFBA3B5A64761ADF69BD0 /* YoikScreenOrientation.h */ = {isa = PBXFileReference; explicitFileType = undefined; fileEncoding = 4; includeInIndex = 0; lastKnownFileType = sourcecode.c.h; name = YoikScreenOrientation.h; path = net.yoik.cordova.plugins.screenorientation/YoikScreenOrientation.h; sourceTree = "<group>"; };
		87D1C7975F6A495DBCE67AD2 /* Uber.h */ = {isa = PBXFileReference; explicitFileType = undefined; fileEncoding = 4; includeInIndex = 0; lastKnownFileType = sourcecode.c.h; name = Uber.h; path = com.jabb.plugin.uber/Uber/Uber.h; sourceTree = "<group>"; };
		89D16C0B6BF44C7C8987F261 /* CoreTelephony.framework */ = {isa = PBXFileReference; explicitFileType = undefined; fileEncoding = 9; includeInIndex = 0; lastKnownFileType = wrapper.framework; name = CoreTelephony.framework; path = System/Library/Frameworks/CoreTelephony.framework; sourceTree = SDKROOT; };
		8D1107310486CEB800E47090 /* VirtualGuardian-Info.plist */ = {isa = PBXFileReference; fileEncoding = 4; lastKnownFileType = text.plist.xml; name = "VirtualGuardian-Info.plist"; path = "VirtualGuardian/VirtualGuardian-Info.plist"; plistStructureDefinitionIdentifier = "com.apple.xcode.plist.structure-definition.iphone.info-plist"; sourceTree = SOURCE_ROOT; };
		91EEB9A75D2243849E350FEB /* CDVSplashScreen.h */ = {isa = PBXFileReference; explicitFileType = undefined; fileEncoding = 4; includeInIndex = 0; lastKnownFileType = sourcecode.c.h; name = CDVSplashScreen.h; path = "cordova-plugin-splashscreen/CDVSplashScreen.h"; sourceTree = "<group>"; };
		939F36AE18294C83A449DBF7 /* CDVStatusBar.m */ = {isa = PBXFileReference; explicitFileType = undefined; fileEncoding = 4; includeInIndex = 0; lastKnownFileType = sourcecode.c.objc; name = CDVStatusBar.m; path = "cordova-plugin-statusbar/CDVStatusBar.m"; sourceTree = "<group>"; };
		94191624EB334106B39F13DE /* CDVInAppBrowser.h */ = {isa = PBXFileReference; explicitFileType = undefined; fileEncoding = 4; includeInIndex = 0; lastKnownFileType = sourcecode.c.h; name = CDVInAppBrowser.h; path = "cordova-plugin-inappbrowser/CDVInAppBrowser.h"; sourceTree = "<group>"; };
		98D3B74556744FFD9DD11E41 /* SQLitePlugin.m */ = {isa = PBXFileReference; explicitFileType = undefined; fileEncoding = 4; includeInIndex = 0; lastKnownFileType = sourcecode.c.objc; name = SQLitePlugin.m; path = "cordova-sqlite-storage/SQLitePlugin.m"; sourceTree = "<group>"; };
		A5EA8D17BED742CC882D23A4 /* CDVViewController+SplashScreen.h */ = {isa = PBXFileReference; explicitFileType = undefined; fileEncoding = 4; includeInIndex = 0; lastKnownFileType = sourcecode.c.h; name = "CDVViewController+SplashScreen.h"; path = "cordova-plugin-splashscreen/CDVViewController+SplashScreen.h"; sourceTree = "<group>"; };
		B85BA95C2D204476AFBD4EAC /* CDVGlobalization.m */ = {isa = PBXFileReference; explicitFileType = undefined; fileEncoding = 4; includeInIndex = 0; lastKnownFileType = sourcecode.c.objc; name = CDVGlobalization.m; path = "cordova-plugin-globalization/CDVGlobalization.m"; sourceTree = "<group>"; };
		B9950FD7A4814FB69B2B4A95 /* Toast.h */ = {isa = PBXFileReference; explicitFileType = undefined; fileEncoding = 4; includeInIndex = 0; lastKnownFileType = sourcecode.c.h; name = Toast.h; path = "cordova-plugin-x-toast/Toast.h"; sourceTree = "<group>"; };
		BAED9AA6EE9F4DE08EA314D7 /* CDVCamera.h */ = {isa = PBXFileReference; explicitFileType = undefined; fileEncoding = 4; includeInIndex = 0; lastKnownFileType = sourcecode.c.h; name = CDVCamera.h; path = "cordova-plugin-camera/CDVCamera.h"; sourceTree = "<group>"; };
		BC2C8C1391764E9793BABB3F /* UIImage+CropScaleOrientation.m */ = {isa = PBXFileReference; explicitFileType = undefined; fileEncoding = 4; includeInIndex = 0; lastKnownFileType = sourcecode.c.objc; name = "UIImage+CropScaleOrientation.m"; path = "cordova-plugin-camera/UIImage+CropScaleOrientation.m"; sourceTree = "<group>"; };
		BD752762E4974D70BAD0CA34 /* CDVInAppBrowser.m */ = {isa = PBXFileReference; explicitFileType = undefined; fileEncoding = 4; includeInIndex = 0; lastKnownFileType = sourcecode.c.objc; name = CDVInAppBrowser.m; path = "cordova-plugin-inappbrowser/CDVInAppBrowser.m"; sourceTree = "<group>"; };
		C45B86A6D3B4406EAF0AE303 /* CDVLocation.m */ = {isa = PBXFileReference; explicitFileType = undefined; fileEncoding = 4; includeInIndex = 0; lastKnownFileType = sourcecode.c.objc; name = CDVLocation.m; path = "cordova-plugin-geolocation/CDVLocation.m"; sourceTree = "<group>"; };
		C65A15EB78BB41A49BC5B83C /* CDVLogger.m */ = {isa = PBXFileReference; explicitFileType = undefined; fileEncoding = 4; includeInIndex = 0; lastKnownFileType = sourcecode.c.objc; name = CDVLogger.m; path = "cordova-plugin-console/CDVLogger.m"; sourceTree = "<group>"; };
		D0271AEB2D7D48129CDC6819 /* CoreLocation.framework */ = {isa = PBXFileReference; explicitFileType = undefined; fileEncoding = 9; includeInIndex = 0; lastKnownFileType = wrapper.framework; name = CoreLocation.framework; path = System/Library/Frameworks/CoreLocation.framework; sourceTree = SDKROOT; };
		DC34DA8DF1494C59B9BBDBF1 /* CDVDevice.h */ = {isa = PBXFileReference; explicitFileType = undefined; fileEncoding = 4; includeInIndex = 0; lastKnownFileType = sourcecode.c.h; name = CDVDevice.h; path = "cordova-plugin-device/CDVDevice.h"; sourceTree = "<group>"; };
		DFC913BDE14C48E09D1EF90D /* AppVersion.m */ = {isa = PBXFileReference; explicitFileType = undefined; fileEncoding = 4; includeInIndex = 0; lastKnownFileType = sourcecode.c.objc; name = AppVersion.m; path = "cordova-plugin-app-version/AppVersion.m"; sourceTree = "<group>"; };
		DFE580B8B07847198E959C03 /* CDVJpegHeaderWriter.h */ = {isa = PBXFileReference; explicitFileType = undefined; fileEncoding = 4; includeInIndex = 0; lastKnownFileType = sourcecode.c.h; name = CDVJpegHeaderWriter.h; path = "cordova-plugin-camera/CDVJpegHeaderWriter.h"; sourceTree = "<group>"; };
		E212B3ED431F4C9CA41A2898 /* UIImage+CropScaleOrientation.h */ = {isa = PBXFileReference; explicitFileType = undefined; fileEncoding = 4; includeInIndex = 0; lastKnownFileType = sourcecode.c.h; name = "UIImage+CropScaleOrientation.h"; path = "cordova-plugin-camera/UIImage+CropScaleOrientation.h"; sourceTree = "<group>"; };
		E577334D6522418990F3A3B8 /* CDVLocation.h */ = {isa = PBXFileReference; explicitFileType = undefined; fileEncoding = 4; includeInIndex = 0; lastKnownFileType = sourcecode.c.h; name = CDVLocation.h; path = "cordova-plugin-geolocation/CDVLocation.h"; sourceTree = "<group>"; };
		E69952305F064126B5580F3C /* Toast+UIView.m */ = {isa = PBXFileReference; explicitFileType = undefined; fileEncoding = 4; includeInIndex = 0; lastKnownFileType = sourcecode.c.objc; name = "Toast+UIView.m"; path = "cordova-plugin-x-toast/Toast+UIView.m"; sourceTree = "<group>"; };
		E8587CFBC3644355BC33819C /* Toast.m */ = {isa = PBXFileReference; explicitFileType = undefined; fileEncoding = 4; includeInIndex = 0; lastKnownFileType = sourcecode.c.objc; name = Toast.m; path = "cordova-plugin-x-toast/Toast.m"; sourceTree = "<group>"; };
		EB87FDF31871DA8E0020F90C /* www */ = {isa = PBXFileReference; lastKnownFileType = folder; path = www; sourceTree = "<group>"; };
		EB87FDF41871DAF40020F90C /* config.xml */ = {isa = PBXFileReference; lastKnownFileType = text.xml; name = config.xml; path = VirtualGuardian/config.xml; sourceTree = "<group>"; };
		ED33DF2A687741AEAF9F8254 /* Bridging-Header.h */ = {isa = PBXFileReference; fileEncoding = 4; lastKnownFileType = sourcecode.c.h; path = "Bridging-Header.h"; sourceTree = "<group>"; };
		F840E1F0165FE0F500CFE078 /* config.xml */ = {isa = PBXFileReference; lastKnownFileType = text.xml; name = config.xml; path = VirtualGuardian/config.xml; sourceTree = "<group>"; };
		FC234AC8D44D42A58B368303 /* CDVStatusBar.h */ = {isa = PBXFileReference; explicitFileType = undefined; fileEncoding = 4; includeInIndex = 0; lastKnownFileType = sourcecode.c.h; name = CDVStatusBar.h; path = "cordova-plugin-statusbar/CDVStatusBar.h"; sourceTree = "<group>"; };
		FE4A62A3312E469389EF4DF0 /* CDVConnection.h */ = {isa = PBXFileReference; explicitFileType = undefined; fileEncoding = 4; includeInIndex = 0; lastKnownFileType = sourcecode.c.h; name = CDVConnection.h; path = "cordova-plugin-network-information/CDVConnection.h"; sourceTree = "<group>"; };
/* End PBXFileReference section */

/* Begin PBXFrameworksBuildPhase section */
		1D60588F0D05DD3D006BFB54 /* Frameworks */ = {
			isa = PBXFrameworksBuildPhase;
			buildActionMask = 2147483647;
			files = (
				1A615A0D1CAAF95A00AC8999 /* StoreKit.framework in Frameworks */,
				1A615A0B1CAAF93700AC8999 /* UIKit.framework in Frameworks */,
				1A615A081CAAF88500AC8999 /* PushKit.framework in Frameworks */,
				301BF552109A68D80062928A /* libCordova.a in Frameworks */,
				6646CAAE7B7C4DA193A058D8 /* ImageIO.framework in Frameworks */,
				A8D492E09E5A495A89818E3B /* CoreLocation.framework in Frameworks */,
				5834267BF0F84B6A98E3861E /* AVFoundation.framework in Frameworks */,
				B7E451530DBD4EF2907360BC /* SystemConfiguration.framework in Frameworks */,
				33B4ECC21B364A6380A7AB43 /* CoreTelephony.framework in Frameworks */,
				2CF170BD186A43CDA116EA99 /* libsqlite3.dylib in Frameworks */,
				22C8C67B1EDD4552A03F07C5 /* QuartzCore.framework in Frameworks */,
			);
			runOnlyForDeploymentPostprocessing = 0;
		};
/* End PBXFrameworksBuildPhase section */

/* Begin PBXGroup section */
		080E96DDFE201D6D7F000001 /* Classes */ = {
			isa = PBXGroup;
			children = (
				302D95EE14D2391D003F00A1 /* MainViewController.h */,
				302D95EF14D2391D003F00A1 /* MainViewController.m */,
				302D95F014D2391D003F00A1 /* MainViewController.xib */,
				1D3623240D0F684500981E51 /* AppDelegate.h */,
				1D3623250D0F684500981E51 /* AppDelegate.m */,
			);
			name = Classes;
			path = VirtualGuardian/Classes;
			sourceTree = SOURCE_ROOT;
		};
		19C28FACFE9D520D11CA2CBB /* Products */ = {
			isa = PBXGroup;
			children = (
				1D6058910D05DD3D006BFB54 /* VirtualGuardian.app */,
			);
			name = Products;
			sourceTree = "<group>";
		};
		29B97314FDCFA39411CA2CEA /* CustomTemplate */ = {
			isa = PBXGroup;
			children = (
				1A2D68381CBC02DF00DD157F /* Sounds */,
				EB87FDF41871DAF40020F90C /* config.xml */,
				EB87FDF31871DA8E0020F90C /* www */,
				EB87FDF11871DA420020F90C /* Staging */,
				301BF52D109A57CC0062928A /* CordovaLib.xcodeproj */,
				080E96DDFE201D6D7F000001 /* Classes */,
				307C750510C5A3420062BCA9 /* Plugins */,
				29B97315FDCFA39411CA2CEA /* Other Sources */,
				29B97317FDCFA39411CA2CEA /* Resources */,
				29B97323FDCFA39411CA2CEA /* Frameworks */,
				19C28FACFE9D520D11CA2CBB /* Products */,
			);
			name = CustomTemplate;
			sourceTree = "<group>";
		};
		29B97315FDCFA39411CA2CEA /* Other Sources */ = {
			isa = PBXGroup;
			children = (
				32CA4F630368D1EE00C91783 /* VirtualGuardian-Prefix.pch */,
				29B97316FDCFA39411CA2CEA /* main.m */,
				ED33DF2A687741AEAF9F8254 /* Bridging-Header.h */,
			);
			name = "Other Sources";
			path = VirtualGuardian;
			sourceTree = "<group>";
		};
		29B97317FDCFA39411CA2CEA /* Resources */ = {
			isa = PBXGroup;
			children = (
				0207DA571B56EA530066E2B4 /* Images.xcassets */,
				3047A50E1AB8057F00498E2A /* config */,
				8D1107310486CEB800E47090 /* VirtualGuardian-Info.plist */,
			);
			name = Resources;
			path = VirtualGuardian/Resources;
			sourceTree = "<group>";
		};
		29B97323FDCFA39411CA2CEA /* Frameworks */ = {
			isa = PBXGroup;
			children = (
				1A615A0C1CAAF95A00AC8999 /* StoreKit.framework */,
				1A615A0A1CAAF93700AC8999 /* UIKit.framework */,
				1A615A071CAAF88500AC8999 /* PushKit.framework */,
				7C72DEFD74ED446BA3919E6C /* ImageIO.framework */,
				D0271AEB2D7D48129CDC6819 /* CoreLocation.framework */,
				14A78EB9EF764D66A67C77D7 /* AVFoundation.framework */,
				5C2A3D538864441AAA123B3E /* SystemConfiguration.framework */,
				89D16C0B6BF44C7C8987F261 /* CoreTelephony.framework */,
				312BC189138C4FBC846D07CB /* libsqlite3.dylib */,
				6E300E6F2F0C4EA9911A688F /* QuartzCore.framework */,
			);
			name = Frameworks;
			sourceTree = "<group>";
		};
		301BF52E109A57CC0062928A /* Products */ = {
			isa = PBXGroup;
			children = (
				301BF535109A57CC0062928A /* libCordova.a */,
			);
			name = Products;
			sourceTree = "<group>";
		};
		3047A50E1AB8057F00498E2A /* config */ = {
			isa = PBXGroup;
			children = (
				3047A50F1AB8059700498E2A /* build-debug.xcconfig */,
				3047A5101AB8059700498E2A /* build-release.xcconfig */,
				3047A5111AB8059700498E2A /* build.xcconfig */,
			);
			name = config;
			sourceTree = "<group>";
		};
		307C750510C5A3420062BCA9 /* Plugins */ = {
			isa = PBXGroup;
			children = (
				0101A5B553064BA0B995432B /* Uber.m */,
				87D1C7975F6A495DBCE67AD2 /* Uber.h */,
				DFC913BDE14C48E09D1EF90D /* AppVersion.m */,
				624B553AB68442619FE1F14B /* AppVersion.h */,
				BC2C8C1391764E9793BABB3F /* UIImage+CropScaleOrientation.m */,
				03402C52F8F6430A94F82D82 /* CDVCamera.m */,
				8258E513CF274D9A85AE4DBD /* CDVJpegHeaderWriter.m */,
				E212B3ED431F4C9CA41A2898 /* UIImage+CropScaleOrientation.h */,
				BAED9AA6EE9F4DE08EA314D7 /* CDVCamera.h */,
				DFE580B8B07847198E959C03 /* CDVJpegHeaderWriter.h */,
				0A2FC2C01389459496372DC0 /* CDVExif.h */,
				C65A15EB78BB41A49BC5B83C /* CDVLogger.m */,
				5E61037F7E7D437383CEA11F /* CDVLogger.h */,
				19CCCA1E37BD4501950CC52F /* CDVDevice.m */,
				DC34DA8DF1494C59B9BBDBF1 /* CDVDevice.h */,
				C45B86A6D3B4406EAF0AE303 /* CDVLocation.m */,
				E577334D6522418990F3A3B8 /* CDVLocation.h */,
				B85BA95C2D204476AFBD4EAC /* CDVGlobalization.m */,
				6013B4F2468E4C199A878598 /* CDVGlobalization.h */,
				BD752762E4974D70BAD0CA34 /* CDVInAppBrowser.m */,
				94191624EB334106B39F13DE /* CDVInAppBrowser.h */,
				2EAED198848C4FB1B9049543 /* CDVConnection.m */,
				25BEEBB7A52042C89C80708F /* CDVReachability.m */,
				FE4A62A3312E469389EF4DF0 /* CDVConnection.h */,
				360398C7C36B47289A0BEFFF /* CDVReachability.h */,
				02084631D32746EFA22DC9DC /* CDVSplashScreen.m */,
				817894E22EA94A5FB1AD3513 /* CDVViewController+SplashScreen.m */,
				91EEB9A75D2243849E350FEB /* CDVSplashScreen.h */,
				A5EA8D17BED742CC882D23A4 /* CDVViewController+SplashScreen.h */,
				939F36AE18294C83A449DBF7 /* CDVStatusBar.m */,
				FC234AC8D44D42A58B368303 /* CDVStatusBar.h */,
				2838813BF0B5437C94BE63E1 /* IonicKeyboard.m */,
				330350E8A2934A558E1C29CD /* IonicKeyboard.h */,
				16F2349AC19947718D61B2C6 /* AppDelegate+notification.m */,
				2093A370D977491AB2888EFD /* PushPlugin.m */,
				1DD76A2C4AD54AA19F65E33F /* AppDelegate+notification.h */,
				272D215AAFBF4E5490F69DA9 /* PushPlugin.h */,
				435D7A45D5824B578113B59F /* YoikScreenOrientation.m */,
				873FFBA3B5A64761ADF69BD0 /* YoikScreenOrientation.h */,
				98D3B74556744FFD9DD11E41 /* SQLitePlugin.m */,
				7F64D2F375514C0E90CB4BBA /* SQLitePlugin.h */,
				E69952305F064126B5580F3C /* Toast+UIView.m */,
				E8587CFBC3644355BC33819C /* Toast.m */,
				1BB60352190043B69588029C /* Toast+UIView.h */,
				B9950FD7A4814FB69B2B4A95 /* Toast.h */,
			);
			name = Plugins;
			path = VirtualGuardian/Plugins;
			sourceTree = SOURCE_ROOT;
		};
		EB87FDF11871DA420020F90C /* Staging */ = {
			isa = PBXGroup;
			children = (
				F840E1F0165FE0F500CFE078 /* config.xml */,
				301BF56E109A69640062928A /* www */,
			);
			name = Staging;
			sourceTree = "<group>";
		};
/* End PBXGroup section */

/* Begin PBXNativeTarget section */
		1D6058900D05DD3D006BFB54 /* VirtualGuardian */ = {
			isa = PBXNativeTarget;
			buildConfigurationList = 1D6058960D05DD3E006BFB54 /* Build configuration list for PBXNativeTarget "VirtualGuardian" */;
			buildPhases = (
				304B58A110DAC018002A0835 /* Copy www directory */,
				1D60588D0D05DD3D006BFB54 /* Resources */,
				1D60588E0D05DD3D006BFB54 /* Sources */,
				1D60588F0D05DD3D006BFB54 /* Frameworks */,
			);
			buildRules = (
			);
			dependencies = (
				301BF551109A68C00062928A /* PBXTargetDependency */,
			);
			name = VirtualGuardian;
			productName = VirtualGuardian;
			productReference = 1D6058910D05DD3D006BFB54 /* VirtualGuardian.app */;
			productType = "com.apple.product-type.application";
		};
/* End PBXNativeTarget section */

/* Begin PBXProject section */
		29B97313FDCFA39411CA2CEA /* Project object */ = {
			isa = PBXProject;
			attributes = {
				LastUpgradeCheck = 510;
				TargetAttributes = {
					1D6058900D05DD3D006BFB54 = {
						DevelopmentTeam = 6A25N869V5;
						SystemCapabilities = {
							com.apple.BackgroundModes = {
								enabled = 1;
							};
							com.apple.Push = {
								enabled = 0;
							};
						};
					};
				};
			};
			buildConfigurationList = C01FCF4E08A954540054247B /* Build configuration list for PBXProject "VirtualGuardian" */;
			compatibilityVersion = "Xcode 3.2";
			developmentRegion = English;
			hasScannedForEncodings = 1;
			knownRegions = (
				en,
			);
			mainGroup = 29B97314FDCFA39411CA2CEA /* CustomTemplate */;
			projectDirPath = "";
			projectReferences = (
				{
					ProductGroup = 301BF52E109A57CC0062928A /* Products */;
					ProjectRef = 301BF52D109A57CC0062928A /* CordovaLib.xcodeproj */;
				},
			);
			projectRoot = "";
			targets = (
				1D6058900D05DD3D006BFB54 /* VirtualGuardian */,
			);
		};
/* End PBXProject section */

/* Begin PBXReferenceProxy section */
		301BF535109A57CC0062928A /* libCordova.a */ = {
			isa = PBXReferenceProxy;
			fileType = archive.ar;
			path = libCordova.a;
			remoteRef = 301BF534109A57CC0062928A /* PBXContainerItemProxy */;
			sourceTree = BUILT_PRODUCTS_DIR;
		};
/* End PBXReferenceProxy section */

/* Begin PBXResourcesBuildPhase section */
		1D60588D0D05DD3D006BFB54 /* Resources */ = {
			isa = PBXResourcesBuildPhase;
			buildActionMask = 2147483647;
			files = (
				1A2D68391CBC02DF00DD157F /* Sounds in Resources */,
				302D95F214D2391D003F00A1 /* MainViewController.xib in Resources */,
				3047A5131AB8059700498E2A /* build-release.xcconfig in Resources */,
				3047A5141AB8059700498E2A /* build.xcconfig in Resources */,
				0207DA581B56EA530066E2B4 /* Images.xcassets in Resources */,
				3047A5121AB8059700498E2A /* build-debug.xcconfig in Resources */,
			);
			runOnlyForDeploymentPostprocessing = 0;
		};
/* End PBXResourcesBuildPhase section */

/* Begin PBXShellScriptBuildPhase section */
		304B58A110DAC018002A0835 /* Copy www directory */ = {
			isa = PBXShellScriptBuildPhase;
			buildActionMask = 2147483647;
			files = (
			);
			inputPaths = (
			);
			name = "Copy www directory";
			outputPaths = (
			);
			runOnlyForDeploymentPostprocessing = 0;
			shellPath = /bin/sh;
			shellScript = "NODEJS_PATH=/usr/local/bin; NVM_NODE_PATH=~/.nvm/versions/node/`nvm version 2>/dev/null`/bin; N_NODE_PATH=`find /usr/local/n/versions/node/* -maxdepth 0 -type d 2>/dev/null | tail -1`/bin; XCODE_NODE_PATH=`xcode-select --print-path`/usr/share/xcs/Node/bin; PATH=$NODEJS_PATH:$NVM_NODE_PATH:$N_NODE_PATH:$XCODE_NODE_PATH:$PATH && node cordova/lib/copy-www-build-step.js";
			showEnvVarsInLog = 0;
		};
/* End PBXShellScriptBuildPhase section */

/* Begin PBXSourcesBuildPhase section */
		1D60588E0D05DD3D006BFB54 /* Sources */ = {
			isa = PBXSourcesBuildPhase;
			buildActionMask = 2147483647;
			files = (
				1D60589B0D05DD56006BFB54 /* main.m in Sources */,
				1D3623260D0F684500981E51 /* AppDelegate.m in Sources */,
				302D95F114D2391D003F00A1 /* MainViewController.m in Sources */,
				C7C7A4C0D440444183A3BB7E /* Uber.m in Sources */,
				36CFC2409A0742B290891AF9 /* AppVersion.m in Sources */,
				AB038C4A87E74F6095163F8A /* UIImage+CropScaleOrientation.m in Sources */,
				462DBC89C30A4BFA980B47B7 /* CDVCamera.m in Sources */,
				7FA98E68D4A14E798D6ADF26 /* CDVJpegHeaderWriter.m in Sources */,
				4D2B5D6423B04B23BBA00448 /* CDVLogger.m in Sources */,
				2AB71BABE73740878D066C36 /* CDVDevice.m in Sources */,
				50D679C602814F5CBBB30CFB /* CDVLocation.m in Sources */,
				377D03BABFB24AA28CE5810E /* CDVGlobalization.m in Sources */,
				48F30CDF1DE4438B80D37816 /* CDVInAppBrowser.m in Sources */,
				767B263B72A04C91A3452281 /* CDVConnection.m in Sources */,
				DC00BFDD68E448519A3BA29E /* CDVReachability.m in Sources */,
				D4AE2CF489784D388B12D88D /* CDVSplashScreen.m in Sources */,
				62F01F2F17D043C895836576 /* CDVViewController+SplashScreen.m in Sources */,
				27F3D6F08BC24E51803895E0 /* CDVStatusBar.m in Sources */,
				2A1B9106265549F4BC860064 /* IonicKeyboard.m in Sources */,
				BF9AA33A27CF49CF8E66C5F3 /* AppDelegate+notification.m in Sources */,
				2378C80404264EF9A15AB609 /* PushPlugin.m in Sources */,
				7F0DE30AE10C42F1A09B29D8 /* YoikScreenOrientation.m in Sources */,
				FE154C3FBA3941D1BCDB5079 /* SQLitePlugin.m in Sources */,
				5CCC2368E40042C8B12E18C4 /* Toast+UIView.m in Sources */,
				42FB23D57EAB4CCBA6C1A3C1 /* Toast.m in Sources */,
			);
			runOnlyForDeploymentPostprocessing = 0;
		};
/* End PBXSourcesBuildPhase section */

/* Begin PBXTargetDependency section */
		301BF551109A68C00062928A /* PBXTargetDependency */ = {
			isa = PBXTargetDependency;
			name = CordovaLib;
			targetProxy = 301BF550109A68C00062928A /* PBXContainerItemProxy */;
		};
/* End PBXTargetDependency section */

/* Begin XCBuildConfiguration section */
		1D6058940D05DD3E006BFB54 /* Debug */ = {
			isa = XCBuildConfiguration;
			baseConfigurationReference = 3047A50F1AB8059700498E2A /* build-debug.xcconfig */;
			buildSettings = {
				ALWAYS_SEARCH_USER_PATHS = NO;
				ASSETCATALOG_COMPILER_APPICON_NAME = AppIcon;
				ASSETCATALOG_COMPILER_LAUNCHIMAGE_NAME = LaunchImage;
				CLANG_ENABLE_MODULES = YES;
				CLANG_ENABLE_OBJC_ARC = YES;
				CODE_SIGN_IDENTITY = "iPhone Developer";
				"CODE_SIGN_IDENTITY[sdk=iphoneos*]" = "iPhone Developer";
				COPY_PHASE_STRIP = NO;
				GCC_DYNAMIC_NO_PIC = NO;
				GCC_OPTIMIZATION_LEVEL = 0;
				GCC_PRECOMPILE_PREFIX_HEADER = YES;
				GCC_PREFIX_HEADER = "VirtualGuardian/VirtualGuardian-Prefix.pch";
				GCC_THUMB_SUPPORT = NO;
				GCC_VERSION = "";
				INFOPLIST_FILE = "VirtualGuardian/VirtualGuardian-Info.plist";
				IPHONEOS_DEPLOYMENT_TARGET = 8.0;
				LD_RUNPATH_SEARCH_PATHS = "@executable_path/Frameworks";
				ONLY_ACTIVE_ARCH = YES;
				PRODUCT_NAME = VirtualGuardian;
				PROVISIONING_PROFILE = "";
				TARGETED_DEVICE_FAMILY = "1,2";
			};
			name = Debug;
		};
		1D6058950D05DD3E006BFB54 /* Release */ = {
			isa = XCBuildConfiguration;
			baseConfigurationReference = 3047A5101AB8059700498E2A /* build-release.xcconfig */;
			buildSettings = {
				ALWAYS_SEARCH_USER_PATHS = NO;
				ASSETCATALOG_COMPILER_APPICON_NAME = AppIcon;
				ASSETCATALOG_COMPILER_LAUNCHIMAGE_NAME = LaunchImage;
				CLANG_ENABLE_MODULES = YES;
				CLANG_ENABLE_OBJC_ARC = YES;
				CODE_SIGN_IDENTITY = "iPhone Developer";
				"CODE_SIGN_IDENTITY[sdk=iphoneos*]" = "iPhone Developer";
				COPY_PHASE_STRIP = YES;
				GCC_PRECOMPILE_PREFIX_HEADER = YES;
				GCC_PREFIX_HEADER = "VirtualGuardian/VirtualGuardian-Prefix.pch";
				GCC_THUMB_SUPPORT = NO;
				GCC_VERSION = "";
				INFOPLIST_FILE = "VirtualGuardian/VirtualGuardian-Info.plist";
				IPHONEOS_DEPLOYMENT_TARGET = 8.0;
				ONLY_ACTIVE_ARCH = NO;
				PRODUCT_NAME = VirtualGuardian;
				PROVISIONING_PROFILE = "";
				TARGETED_DEVICE_FAMILY = "1,2";
			};
			name = Release;
		};
		C01FCF4F08A954540054247B /* Debug */ = {
			isa = XCBuildConfiguration;
			baseConfigurationReference = 3047A5111AB8059700498E2A /* build.xcconfig */;
			buildSettings = {
				CLANG_ENABLE_MODULES = YES;
				CLANG_ENABLE_OBJC_ARC = YES;
				CLANG_WARN_BOOL_CONVERSION = YES;
				CLANG_WARN_CONSTANT_CONVERSION = YES;
				CLANG_WARN_EMPTY_BODY = YES;
				CLANG_WARN_ENUM_CONVERSION = YES;
				CLANG_WARN_INT_CONVERSION = YES;
				CLANG_WARN__DUPLICATE_METHOD_MATCH = YES;
				GCC_C_LANGUAGE_STANDARD = c99;
				GCC_THUMB_SUPPORT = NO;
				GCC_VERSION = "";
				GCC_WARN_ABOUT_RETURN_TYPE = YES;
				GCC_WARN_UNDECLARED_SELECTOR = YES;
				GCC_WARN_UNINITIALIZED_AUTOS = YES;
				GCC_WARN_UNUSED_FUNCTION = YES;
				GCC_WARN_UNUSED_VARIABLE = YES;
				ONLY_ACTIVE_ARCH = YES;
				SDKROOT = iphoneos;
				SKIP_INSTALL = NO;
				TARGETED_DEVICE_FAMILY = "1,2";
			};
			name = Debug;
		};
		C01FCF5008A954540054247B /* Release */ = {
			isa = XCBuildConfiguration;
			baseConfigurationReference = 3047A5111AB8059700498E2A /* build.xcconfig */;
			buildSettings = {
				CLANG_ENABLE_MODULES = YES;
				CLANG_ENABLE_OBJC_ARC = YES;
				CLANG_WARN_BOOL_CONVERSION = YES;
				CLANG_WARN_CONSTANT_CONVERSION = YES;
				CLANG_WARN_EMPTY_BODY = YES;
				CLANG_WARN_ENUM_CONVERSION = YES;
				CLANG_WARN_INT_CONVERSION = YES;
				CLANG_WARN__DUPLICATE_METHOD_MATCH = YES;
				GCC_C_LANGUAGE_STANDARD = c99;
				GCC_THUMB_SUPPORT = NO;
				GCC_VERSION = "";
				GCC_WARN_ABOUT_RETURN_TYPE = YES;
				GCC_WARN_UNDECLARED_SELECTOR = YES;
				GCC_WARN_UNINITIALIZED_AUTOS = YES;
				GCC_WARN_UNUSED_FUNCTION = YES;
				GCC_WARN_UNUSED_VARIABLE = YES;
				SDKROOT = iphoneos;
				SKIP_INSTALL = NO;
				TARGETED_DEVICE_FAMILY = "1,2";
			};
			name = Release;
		};
/* End XCBuildConfiguration section */

/* Begin XCConfigurationList section */
		1D6058960D05DD3E006BFB54 /* Build configuration list for PBXNativeTarget "VirtualGuardian" */ = {
			isa = XCConfigurationList;
			buildConfigurations = (
				1D6058940D05DD3E006BFB54 /* Debug */,
				1D6058950D05DD3E006BFB54 /* Release */,
			);
			defaultConfigurationIsVisible = 0;
			defaultConfigurationName = Release;
		};
		C01FCF4E08A954540054247B /* Build configuration list for PBXProject "VirtualGuardian" */ = {
			isa = XCConfigurationList;
			buildConfigurations = (
				C01FCF4F08A954540054247B /* Debug */,
				C01FCF5008A954540054247B /* Release */,
			);
			defaultConfigurationIsVisible = 0;
			defaultConfigurationName = Release;
		};
/* End XCConfigurationList section */
	};
	rootObject = 29B97313FDCFA39411CA2CEA /* Project object */;
}
